
Microsoft Visual Studio Solution File, Format Version 12.00
# Visual Studio Version 17
VisualStudioVersion = 17.10.35122.118
MinimumVisualStudioVersion = 10.0.40219.1
Project("{FAE04EC0-301F-11D3-BF4B-00C04F79EFBC}") = "Basic_Authentication", "Basic_Authentication\Basic_Authentication.csproj", "{C2781082-A341-47D0-8BDD-4F6D9AC8B2D1}"
EndProject
Global
	GlobalSection(SolutionConfigurationPlatforms) = preSolution
		Debug|Any CPU = Debug|Any CPU
		Release|Any CPU = Release|Any CPU
	EndGlobalSection
	GlobalSection(ProjectConfigurationPlatforms) = postSolution
		{C2781082-A341-47D0-8BDD-4F6D9AC8B2D1}.Debug|Any CPU.ActiveCfg = Debug|Any CPU
		{C2781082-A341-47D0-8BDD-4F6D9AC8B2D1}.Debug|Any CPU.Build.0 = Debug|Any CPU
		{C2781082-A341-47D0-8BDD-4F6D9AC8B2D1}.Release|Any CPU.ActiveCfg = Release|Any CPU
		{C2781082-A341-47D0-8BDD-4F6D9AC8B2D1}.Release|Any CPU.Build.0 = Release|Any CPU
	EndGlobalSection
	GlobalSection(SolutionProperties) = preSolution
		HideSolutionNode = FALSE
	EndGlobalSection
	GlobalSection(ExtensibilityGlobals) = postSolution
		SolutionGuid = {27BA1B87-6981-4931-809E-E4B404A2E996}
	EndGlobalSection
EndGlobal
