
Microsoft Visual Studio Solution File, Format Version 12.00
# Visual Studio Version 17
VisualStudioVersion = 17.10.35122.118
MinimumVisualStudioVersion = 10.0.40219.1
Project("{2150E333-8FDC-42A3-9474-1A3956D46DE8}") = "Services", "Services", "{6E39E01B-F099-4F8C-B123-3E6BB470B6CC}"
EndProject
Project("{2150E333-8FDC-42A3-9474-1A3956D46DE8}") = "Catalog", "Catalog", "{6930A0A0-9D0A-4BD7-A71F-FC3C6525B8BE}"
EndProject
Project("{FAE04EC0-301F-11D3-BF4B-00C04F79EFBC}") = "Catalog.API", "Services\Catalog\Catalog.API\Catalog.API.csproj", "{77860E92-E6DA-4EA2-B12E-E9D7BB6F0B35}"
EndProject
Global
	GlobalSection(SolutionConfigurationPlatforms) = preSolution
		Debug|Any CPU = Debug|Any CPU
		Release|Any CPU = Release|Any CPU
	EndGlobalSection
	GlobalSection(ProjectConfigurationPlatforms) = postSolution
		{77860E92-E6DA-4EA2-B12E-E9D7BB6F0B35}.Debug|Any CPU.ActiveCfg = Debug|Any CPU
		{77860E92-E6DA-4EA2-B12E-E9D7BB6F0B35}.Debug|Any CPU.Build.0 = Debug|Any CPU
		{77860E92-E6DA-4EA2-B12E-E9D7BB6F0B35}.Release|Any CPU.ActiveCfg = Release|Any CPU
		{77860E92-E6DA-4EA2-B12E-E9D7BB6F0B35}.Release|Any CPU.Build.0 = Release|Any CPU
	EndGlobalSection
	GlobalSection(SolutionProperties) = preSolution
		HideSolutionNode = FALSE
	EndGlobalSection
	GlobalSection(NestedProjects) = preSolution
		{6930A0A0-9D0A-4BD7-A71F-FC3C6525B8BE} = {6E39E01B-F099-4F8C-B123-3E6BB470B6CC}
		{77860E92-E6DA-4EA2-B12E-E9D7BB6F0B35} = {6930A0A0-9D0A-4BD7-A71F-FC3C6525B8BE}
	EndGlobalSection
	GlobalSection(ExtensibilityGlobals) = postSolution
		SolutionGuid = {25C1CDCC-6FA8-4B1D-AAA9-F95E2B1AF453}
	EndGlobalSection
EndGlobal
