
Microsoft Visual Studio Solution File, Format Version 12.00
# Visual Studio Version 17
VisualStudioVersion = 17.10.35122.118
MinimumVisualStudioVersion = 10.0.40219.1
Project("{FAE04EC0-301F-11D3-BF4B-00C04F79EFBC}") = "Demo_for_frontend", "Demo_for_frontend\Demo_for_frontend.csproj", "{86EAB728-4DC2-437F-A777-1C3A27F2D1E3}"
EndProject
Global
	GlobalSection(SolutionConfigurationPlatforms) = preSolution
		Debug|Any CPU = Debug|Any CPU
		Release|Any CPU = Release|Any CPU
	EndGlobalSection
	GlobalSection(ProjectConfigurationPlatforms) = postSolution
		{86EAB728-4DC2-437F-A777-1C3A27F2D1E3}.Debug|Any CPU.ActiveCfg = Debug|Any CPU
		{86EAB728-4DC2-437F-A777-1C3A27F2D1E3}.Debug|Any CPU.Build.0 = Debug|Any CPU
		{86EAB728-4DC2-437F-A777-1C3A27F2D1E3}.Release|Any CPU.ActiveCfg = Release|Any CPU
		{86EAB728-4DC2-437F-A777-1C3A27F2D1E3}.Release|Any CPU.Build.0 = Release|Any CPU
	EndGlobalSection
	GlobalSection(SolutionProperties) = preSolution
		HideSolutionNode = FALSE
	EndGlobalSection
	GlobalSection(ExtensibilityGlobals) = postSolution
		SolutionGuid = {D6D31F02-D320-4F2A-9BCC-3F5A355C43C9}
	EndGlobalSection
EndGlobal
